
Microsoft Visual Studio Solution File, Format Version 12.00
# Visual Studio Version 16
VisualStudioVersion = 16.0.29613.14
MinimumVisualStudioVersion = 10.0.40219.1
Project("{9A19103F-16F7-4668-BE54-9A1E7A4F7556}") = "Glassy.Http.AspNetCore", "src\Glassy.AspNetCore.Http\Glassy.Http.AspNetCore.csproj", "{F240D841-42DE-4B12-AF86-788E67D53637}"
EndProject
Project("{2150E333-8FDC-42A3-9474-1A3956D46DE8}") = "Solution Items", "Solution Items", "{A9080909-0FD9-4016-B270-397D0FAB0554}"
	ProjectSection(SolutionItems) = preProject
		.github\workflows\build-ci.yml = .github\workflows\build-ci.yml
	EndProjectSection
EndProject
Global
	GlobalSection(SolutionConfigurationPlatforms) = preSolution
		Debug|Any CPU = Debug|Any CPU
		Release|Any CPU = Release|Any CPU
	EndGlobalSection
	GlobalSection(ProjectConfigurationPlatforms) = postSolution
		{F240D841-42DE-4B12-AF86-788E67D53637}.Debug|Any CPU.ActiveCfg = Debug|Any CPU
		{F240D841-42DE-4B12-AF86-788E67D53637}.Debug|Any CPU.Build.0 = Debug|Any CPU
		{F240D841-42DE-4B12-AF86-788E67D53637}.Release|Any CPU.ActiveCfg = Release|Any CPU
		{F240D841-42DE-4B12-AF86-788E67D53637}.Release|Any CPU.Build.0 = Release|Any CPU
	EndGlobalSection
	GlobalSection(SolutionProperties) = preSolution
		HideSolutionNode = FALSE
	EndGlobalSection
	GlobalSection(ExtensibilityGlobals) = postSolution
		SolutionGuid = {46A945B5-1317-4B7F-990B-EBF6972EFB07}
	EndGlobalSection
EndGlobal
